
Microsoft Visual Studio Solution File, Format Version 12.00
# Visual Studio Version 17
VisualStudioVersion = 17.8.34322.80
MinimumVisualStudioVersion = 10.0.40219.1
Project("{9A19103F-16F7-4668-BE54-9A1E7A4F7556}") = "Leetcode", "Leetcode-test\Leetcode.csproj", "{4EE4D827-9D8B-44C4-93A8-70B6ECF5BE6D}"
EndProject
Global
	GlobalSection(SolutionConfigurationPlatforms) = preSolution
		Debug|Any CPU = Debug|Any CPU
		Release|Any CPU = Release|Any CPU
	EndGlobalSection
	GlobalSection(ProjectConfigurationPlatforms) = postSolution
		{4EE4D827-9D8B-44C4-93A8-70B6ECF5BE6D}.Debug|Any CPU.ActiveCfg = Debug|Any CPU
		{4EE4D827-9D8B-44C4-93A8-70B6ECF5BE6D}.Debug|Any CPU.Build.0 = Debug|Any CPU
		{4EE4D827-9D8B-44C4-93A8-70B6ECF5BE6D}.Release|Any CPU.ActiveCfg = Release|Any CPU
		{4EE4D827-9D8B-44C4-93A8-70B6ECF5BE6D}.Release|Any CPU.Build.0 = Release|Any CPU
	EndGlobalSection
	GlobalSection(SolutionProperties) = preSolution
		HideSolutionNode = FALSE
	EndGlobalSection
	GlobalSection(ExtensibilityGlobals) = postSolution
		SolutionGuid = {1DE9661A-0918-473D-8CA9-642CEE3D5023}
	EndGlobalSection
EndGlobal
